version = 1
revision = 3
requires-python = ">=3.14"

[[package]]
name = "aiooui"
version = "0.1.9"
source = { registry = "https://pypi.org/simple" }
sdist = { url = "https://files.pythonhosted.org/packages/14/b7/ad0f86010bbabc4e556e98dd2921a923677188223cc524432695966f14fa/aiooui-0.1.9.tar.gz", hash = "sha256:e8c8bc59ab352419e0747628b4cce7c4e04d492574c1971e223401126389c5d8", size = 369276, upload-time = "2025-01-19T00:12:44.853Z" }
wheels = [
    { url = "https://files.pythonhosted.org/packages/7c/fa/b1310457adbea7adb84d2c144159f3b41341c40c80df3c10ce6b266874b3/aiooui-0.1.9-py3-none-any.whl", hash = "sha256:737a5e62d8726540218c2b70e5f966d9912121e4644f3d490daf8f3c18b182e5", size = 367404, upload-time = "2025-01-19T00:12:42.57Z" },
]

[[package]]
name = "bleak"
version = "3.0.1"
source = { registry = "https://pypi.org/simple" }
dependencies = [
    { name = "dbus-fast", marker = "sys_platform == 'linux'" },
    { name = "pyobjc-core", marker = "sys_platform == 'darwin'" },
    { name = "pyobjc-framework-corebluetooth", marker = "sys_platform == 'darwin'" },
    { name = "pyobjc-framework-libdispatch", marker = "sys_platform == 'darwin'" },
    { name = "winrt-runtime", marker = "sys_platform == 'win32'" },
    { name = "winrt-windows-devices-bluetooth", marker = "sys_platform == 'win32'" },
    { name = "winrt-windows-devices-bluetooth-advertisement", marker = "sys_platform == 'win32'" },
    { name = "winrt-windows-devices-bluetooth-genericattributeprofile", marker = "sys_platform == 'win32'" },
    { name = "winrt-windows-devices-enumeration", marker = "sys_platform == 'win32'" },
    { name = "winrt-windows-devices-radios", marker = "sys_platform == 'win32'" },
    { name = "winrt-windows-foundation", marker = "sys_platform == 'win32'" },
    { name = "winrt-windows-foundation-collections", marker = "sys_platform == 'win32'" },
    { name = "winrt-windows-storage-streams", marker = "sys_platform == 'win32'" },
]
sdist = { url = "https://files.pythonhosted.org/packages/87/9f/dd19d92309e4a37823210827f0f42460e69603254309b99499622b511294/bleak-3.0.1.tar.gz", hash = "sha256:c8ff077519f8c30a972fd0d22f47a54b981184b2f2a0886d02e55acadbc1045d", size = 124162, upload-time = "2026-03-25T15:43:01.769Z" }
wheels = [
    { url = "https://files.pythonhosted.org/packages/d2/9c/839e4ff0393070396c656fa6616d0d2512f60b571c1263183e709db1c365/bleak-3.0.1-py3-none-any.whl", hash = "sha256:49f93f24ce96610529842da2d9856e7f46597e25966c0f1cfc737f0191566de6", size = 144735, upload-time = "2026-03-25T15:43:00.285Z" },
]

[[package]]
name = "bleak-retry-connector"
version = "4.6.1"
source = { registry = "https://pypi.org/simple" }
dependencies = [
    { name = "bleak" },
    { name = "bluetooth-adapters", marker = "sys_platform == 'linux'" },
    { name = "dbus-fast", marker = "sys_platform == 'linux'" },
]
sdist = { url = "https://files.pythonhosted.org/packages/7a/fc/5de052d5995bfea6f5237b4e848e3fd2978777e5371d92dbce725d21181a/bleak_retry_connector-4.6.1.tar.gz", hash = "sha256:ac2d19362f96757708dff2b0fedfefd5a8d8efb724027a777e54cc8ac2fc5a3d", size = 18827, upload-time = "2026-05-21T21:28:38.018Z" }
wheels = [
    { url = "https://files.pythonhosted.org/packages/98/7c/4490be0547296648e4dfb77c0a1949c3cdc8963c9b621aecc168f1d4cb76/bleak_retry_connector-4.6.1-py3-none-any.whl", hash = "sha256:018ba421babe05785e5a6497c73f3894772fad0f7fa5b054d48beb3d180ce0c4", size = 18759, upload-time = "2026-05-21T21:28:36.032Z" },
]

[[package]]
name = "bluetooth-adapters"
version = "2.1.1"
source = { registry = "https://pypi.org/simple" }
dependencies = [
    { name = "aiooui" },
    { name = "bleak" },
    { name = "dbus-fast", marker = "sys_platform == 'linux'" },
    { name = "uart-devices" },
    { name = "usb-devices" },
]
sdist = { url = "https://files.pythonhosted.org/packages/06/8a/b37a52f5243cf8bd30cc7e25c1128750d129db15a7b2c7ef107ddb7429f9/bluetooth_adapters-2.1.1.tar.gz", hash = "sha256:f289e0f08814f74252a28862f488283680584744430d7eac45820f9c20ba041a", size = 17234, upload-time = "2025-09-12T17:18:48.906Z" }
wheels = [
    { url = "https://files.pythonhosted.org/packages/37/11/8f344d5379df2d31eea73052128136702630f28b5fb55a8d30250c8112e2/bluetooth_adapters-2.1.1-py3-none-any.whl", hash = "sha256:1f93026e530dcb2f4515a92955fa6f85934f928b009a181ee57edc8b4affd25c", size = 20276, upload-time = "2025-09-12T17:18:47.763Z" },
]

[[package]]
name = "colorama"
version = "0.4.6"
source = { registry = "https://pypi.org/simple" }
sdist = { url = "https://files.pythonhosted.org/packages/d8/53/6f443c9a4a8358a93a6792e2acffb9d9d5cb0a5cfd8802644b7b1c9a02e4/colorama-0.4.6.tar.gz", hash = "sha256:08695f5cb7ed6e0531a20572697297273c47b8cae5a63ffc6d6ed5c201be6e44", size = 27697, upload-time = "2022-10-25T02:36:22.414Z" }
wheels = [
    { url = "https://files.pythonhosted.org/packages/d1/d6/3965ed04c63042e047cb6a3e6ed1a63a35087b6a609aa3a15ed8ac56c221/colorama-0.4.6-py2.py3-none-any.whl", hash = "sha256:4f1d9991f5acc0ca119f9d443620b77f9d6b33703e51011c16baf57afb285fc6", size = 25335, upload-time = "2022-10-25T02:36:20.889Z" },
]

[[package]]
name = "dbus-fast"
version = "5.0.17"
source = { registry = "https://pypi.org/simple" }
sdist = { url = "https://files.pythonhosted.org/packages/c3/a3/7dec17915085ee776c14a211c1defc58c8f0e51ea235bc8e750f1744ceca/dbus_fast-5.0.17.tar.gz", hash = "sha256:c8dbe4c30adeee61d2c84005a1ad1bccfd2961fee7d995e876db5117f502a20f", size = 83213, upload-time = "2026-06-02T04:23:48.699Z" }
wheels = [
    { url = "https://files.pythonhosted.org/packages/73/17/2d7bdc69139edde54ab41aaf2db181bb56163680c6c8b292b69d571360ae/dbus_fast-5.0.17-cp314-cp314-manylinux2014_aarch64.manylinux_2_17_aarch64.manylinux_2_28_aarch64.whl", hash = "sha256:61447dda5bf86cf0f1512e2f89d245a869eb5fb0016c62b5e34089f9428ed10b", size = 811479, upload-time = "2026-06-02T04:41:08.74Z" },
    { url = "https://files.pythonhosted.org/packages/61/68/a19bec62dda2ca62d59b11e9279682adf7583c5712cecad2cb0cf5930b8a/dbus_fast-5.0.17-cp314-cp314-manylinux2014_x86_64.manylinux_2_17_x86_64.manylinux_2_28_x86_64.whl", hash = "sha256:00cae78c4f72a5a745c90a30d507faa73b553af005c260206fcf5281ea41cec6", size = 856395, upload-time = "2026-06-02T04:41:10.599Z" },
    { url = "https://files.pythonhosted.org/packages/25/38/66f562885533fbb628cbd463edeceace477ca077d5d5fa5084433fd5b100/dbus_fast-5.0.17-cp314-cp314-manylinux_2_31_riscv64.manylinux_2_39_riscv64.whl", hash = "sha256:c75b6567e2cefc1325c3d9654e24a15c60134ea5eb9afef5f7ef3e2d7d7cb7b6", size = 834189, upload-time = "2026-06-02T04:41:12.712Z" },
    { url = "https://files.pythonhosted.org/packages/67/bc/626786b044dd84b5d884d12854136f04c6eddf1f01c1b4dc3126245f3bc4/dbus_fast-5.0.17-cp314-cp314-manylinux_2_41_x86_64.whl", hash = "sha256:383d8c314b03de72e4117208b49132533a41c0e750bc4e1526bd8f1db1da5c92", size = 854644, upload-time = "2026-06-02T04:23:46Z" },
    { url = "https://files.pythonhosted.org/packages/26/1e/f9bd647a0828dc1e605db6b3a1db70fd46a26ef75249ef06dc2ede386c6f/dbus_fast-5.0.17-cp314-cp314-musllinux_1_2_aarch64.whl", hash = "sha256:311cd2c1249f9bdce4cd9656370f592e133e4cfc8c5a116bae158496d0623c8d", size = 819209, upload-time = "2026-06-02T04:41:14.568Z" },
    { url = "https://files.pythonhosted.org/packages/f1/9b/f01a8c5e9f76e215a5886050a6fb89637ec58b116f5c2971f085a9f84892/dbus_fast-5.0.17-cp314-cp314-musllinux_1_2_riscv64.whl", hash = "sha256:b62a9783c443f16b7817830cb99dbe34a2cc9a9b067d770ab02ad082d83cf099", size = 834370, upload-time = "2026-06-02T04:41:16.513Z" },
    { url = "https://files.pythonhosted.org/packages/dd/04/695824bf9c065f644fc6bd0ae4ddc4be3c13930d9001c9ea83d69d6d9812/dbus_fast-5.0.17-cp314-cp314-musllinux_1_2_x86_64.whl", hash = "sha256:c7ef2d704774b61f0260383c26e1d263e7cc3d5e222a783eccc20b9dacd294d4", size = 863185, upload-time = "2026-06-02T04:41:18.53Z" },
    { url = "https://files.pythonhosted.org/packages/c8/48/9444d5d8597440b13662bca4953259b6d339dbd850e260186593779d915e/dbus_fast-5.0.17-cp314-cp314t-manylinux2014_aarch64.manylinux_2_17_aarch64.manylinux_2_28_aarch64.whl", hash = "sha256:bd5f0f6a6666d26856d487a0707a929663f827e50ec5e021a8daf5bef8ca1cac", size = 1535341, upload-time = "2026-06-02T04:41:22.406Z" },
    { url = "https://files.pythonhosted.org/packages/b8/ef/18d2a59e6af6a2e4f2d384f82d4e464f83446ad2e388ef855f3f0e8013b6/dbus_fast-5.0.17-cp314-cp314t-manylinux2014_x86_64.manylinux_2_17_x86_64.manylinux_2_28_x86_64.whl", hash = "sha256:1616e08fc3940df827418acaf39482a0c143a445159edc76187850be1f518064", size = 1614216, upload-time = "2026-06-02T04:41:24.665Z" },
    { url = "https://files.pythonhosted.org/packages/a9/e3/8d06f0cb89987d1562388d62921b374a6621503e406f725fc9471facf141/dbus_fast-5.0.17-cp314-cp314t-manylinux_2_31_riscv64.manylinux_2_39_riscv64.whl", hash = "sha256:15b70d946caa15584f0638e0d19bb4847fbcd1ccfc7b3c92015534366b41f2b1", size = 822331, upload-time = "2026-06-02T04:41:26.703Z" },
    { url = "https://files.pythonhosted.org/packages/ee/96/bc16dac81c48f8087149eddb6f02c3d7b2c645ad22f7e40db21a1bf313a2/dbus_fast-5.0.17-cp314-cp314t-musllinux_1_2_aarch64.whl", hash = "sha256:01326f224e4f1b574fc1e750a9b45b56306110c0d61975cbf52317f7b02b176d", size = 1550625, upload-time = "2026-06-02T04:41:28.504Z" },
    { url = "https://files.pythonhosted.org/packages/4a/a1/539c8e47e5a5f2755c7e2df0a6bbbfcda22bfb5bc9991602348d1c7c32a4/dbus_fast-5.0.17-cp314-cp314t-musllinux_1_2_riscv64.whl", hash = "sha256:47650ef8ee6365e20fd5e4724f06235c2ee4eec30ee18a675415730df0b15919", size = 823302, upload-time = "2026-06-02T04:41:30.606Z" },
    { url = "https://files.pythonhosted.org/packages/54/24/97a30df7d5fbe35294e019ed4edd83e636941b3a3c76f0803e7bf30e3564/dbus_fast-5.0.17-cp314-cp314t-musllinux_1_2_x86_64.whl", hash = "sha256:768e3c5f6bfaadebd42307aa2040deb6197b0c8495faddaef1f34bab943d02c2", size = 1630060, upload-time = "2026-06-02T04:41:32.942Z" },
]

[[package]]
name = "iniconfig"
version = "2.1.0"
source = { registry = "https://pypi.org/simple" }
sdist = { url = "https://files.pythonhosted.org/packages/f2/97/ebf4da567aa6827c909642694d71c9fcf53e5b504f2d96afea02718862f3/iniconfig-2.1.0.tar.gz", hash = "sha256:3abbd2e30b36733fee78f9c7f7308f2d0050e88f0087fd25c2645f63c773e1c7", size = 4793, upload-time = "2025-03-19T20:09:59.721Z" }
wheels = [
    { url = "https://files.pythonhosted.org/packages/2c/e1/e6716421ea10d38022b952c159d5161ca1193197fb744506875fbb87ea7b/iniconfig-2.1.0-py3-none-any.whl", hash = "sha256:9deba5723312380e77435581c6bf4935c94cbfab9b1ed33ef8d238ea168eb760", size = 6050, upload-time = "2025-03-19T20:10:01.071Z" },
]

[[package]]
name = "packaging"
version = "25.0"
source = { registry = "https://pypi.org/simple" }
sdist = { url = "https://files.pythonhosted.org/packages/a1/d4/1fc4078c65507b51b96ca8f8c3ba19e6a61c8253c72794544580a7b6c24d/packaging-25.0.tar.gz", hash = "sha256:d443872c98d677bf60f6a1f2f8c1cb748e8fe762d2bf9d3148b5599295b0fc4f", size = 165727, upload-time = "2025-04-19T11:48:59.673Z" }
wheels = [
    { url = "https://files.pythonhosted.org/packages/20/12/38679034af332785aac8774540895e234f4d07f7545804097de4b666afd8/packaging-25.0-py3-none-any.whl", hash = "sha256:29572ef2b1f17581046b3a2227d5c611fb25ec70ca1ba8554b24b0e69331a484", size = 66469, upload-time = "2025-04-19T11:48:57.875Z" },
]

[[package]]
name = "pluggy"
version = "1.6.0"
source = { registry = "https://pypi.org/simple" }
sdist = { url = "https://files.pythonhosted.org/packages/f9/e2/3e91f31a7d2b083fe6ef3fa267035b518369d9511ffab804f839851d2779/pluggy-1.6.0.tar.gz", hash = "sha256:7dcc130b76258d33b90f61b658791dede3486c3e6bfb003ee5c9bfb396dd22f3", size = 69412, upload-time = "2025-05-15T12:30:07.975Z" }
wheels = [
    { url = "https://files.pythonhosted.org/packages/54/20/4d324d65cc6d9205fabedc306948156824eb9f0ee1633355a8f7ec5c66bf/pluggy-1.6.0-py3-none-any.whl", hash = "sha256:e920276dd6813095e9377c0bc5566d94c932c33b27a3e3945d8389c374dd4746", size = 20538, upload-time = "2025-05-15T12:30:06.134Z" },
]

[[package]]
name = "pygments"
version = "2.19.2"
source = { registry = "https://pypi.org/simple" }
sdist = { url = "https://files.pythonhosted.org/packages/b0/77/a5b8c569bf593b0140bde72ea885a803b82086995367bf2037de0159d924/pygments-2.19.2.tar.gz", hash = "sha256:636cb2477cec7f8952536970bc533bc43743542f70392ae026374600add5b887", size = 4968631, upload-time = "2025-06-21T13:39:12.283Z" }
wheels = [
    { url = "https://files.pythonhosted.org/packages/c7/21/705964c7812476f378728bdf590ca4b771ec72385c533964653c68e86bdc/pygments-2.19.2-py3-none-any.whl", hash = "sha256:86540386c03d588bb81d44bc3928634ff26449851e99741617ecb9037ee5ec0b", size = 1225217, upload-time = "2025-06-21T13:39:07.939Z" },
]

[[package]]
name = "pyobjc-core"
version = "12.1"
source = { registry = "https://pypi.org/simple" }
sdist = { url = "https://files.pythonhosted.org/packages/b8/b6/d5612eb40be4fd5ef88c259339e6313f46ba67577a95d86c3470b951fce0/pyobjc_core-12.1.tar.gz", hash = "sha256:2bb3903f5387f72422145e1466b3ac3f7f0ef2e9960afa9bcd8961c5cbf8bd21", size = 1000532, upload-time = "2025-11-14T10:08:28.292Z" }
wheels = [
    { url = "https://files.pythonhosted.org/packages/25/98/9f4ed07162de69603144ff480be35cd021808faa7f730d082b92f7ebf2b5/pyobjc_core-12.1-cp314-cp314-macosx_10_15_universal2.whl", hash = "sha256:844515f5d86395b979d02152576e7dee9cc679acc0b32dc626ef5bda315eaa43", size = 670164, upload-time = "2025-11-14T09:34:37.458Z" },
    { url = "https://files.pythonhosted.org/packages/62/50/dc076965c96c7f0de25c0a32b7f8aa98133ed244deaeeacfc758783f1f30/pyobjc_core-12.1-cp314-cp314t-macosx_10_15_universal2.whl", hash = "sha256:453b191df1a4b80e756445b935491b974714456ae2cbae816840bd96f86db882", size = 712204, upload-time = "2025-11-14T09:35:24.148Z" },
]

[[package]]
name = "pyobjc-framework-cocoa"
version = "12.1"
source = { registry = "https://pypi.org/simple" }
dependencies = [
    { name = "pyobjc-core" },
]
sdist = { url = "https://files.pythonhosted.org/packages/02/a3/16ca9a15e77c061a9250afbae2eae26f2e1579eb8ca9462ae2d2c71e1169/pyobjc_framework_cocoa-12.1.tar.gz", hash = "sha256:5556c87db95711b985d5efdaaf01c917ddd41d148b1e52a0c66b1a2e2c5c1640", size = 2772191, upload-time = "2025-11-14T10:13:02.069Z" }
wheels = [
    { url = "https://files.pythonhosted.org/packages/59/bb/f777cc9e775fc7dae77b569254570fe46eb842516b3e4fe383ab49eab598/pyobjc_framework_cocoa-12.1-cp314-cp314-macosx_10_15_universal2.whl", hash = "sha256:03342a60fc0015bcdf9b93ac0b4f457d3938e9ef761b28df9564c91a14f0129a", size = 384932, upload-time = "2025-11-14T09:42:29.771Z" },
    { url = "https://files.pythonhosted.org/packages/58/27/b457b7b37089cad692c8aada90119162dfb4c4a16f513b79a8b2b022b33b/pyobjc_framework_cocoa-12.1-cp314-cp314t-macosx_10_15_universal2.whl", hash = "sha256:6ba1dc1bfa4da42d04e93d2363491275fb2e2be5c20790e561c8a9e09b8cf2cc", size = 388970, upload-time = "2025-11-14T09:42:53.964Z" },
]

[[package]]
name = "pyobjc-framework-corebluetooth"
version = "12.1"
source = { registry = "https://pypi.org/simple" }
dependencies = [
    { name = "pyobjc-core" },
    { name = "pyobjc-framework-cocoa" },
]
sdist = { url = "https://files.pythonhosted.org/packages/4b/25/d21d6cb3fd249c2c2aa96ee54279f40876a0c93e7161b3304bf21cbd0bfe/pyobjc_framework_corebluetooth-12.1.tar.gz", hash = "sha256:8060c1466d90bbb9100741a1091bb79975d9ba43911c9841599879fc45c2bbe0", size = 33157, upload-time = "2025-11-14T10:13:28.064Z" }
wheels = [
    { url = "https://files.pythonhosted.org/packages/2f/41/90640a4db62f0bf0611cf8a161129c798242116e2a6a44995668b017b106/pyobjc_framework_corebluetooth-12.1-cp314-cp314-macosx_10_15_universal2.whl", hash = "sha256:15ba5207ca626dffe57ccb7c1beaf01f93930159564211cb97d744eaf0d812aa", size = 13222, upload-time = "2025-11-14T09:44:14.345Z" },
    { url = "https://files.pythonhosted.org/packages/86/99/8ed2f0ca02b9abe204966142bd8c4501cf6da94234cc320c4c0562c467e8/pyobjc_framework_corebluetooth-12.1-cp314-cp314t-macosx_10_15_universal2.whl", hash = "sha256:e5385195bd365a49ce70e2fb29953681eefbe68a7b15ecc2493981d2fb4a02b1", size = 13408, upload-time = "2025-11-14T09:44:16.558Z" },
]

[[package]]
name = "pyobjc-framework-libdispatch"
version = "12.1"
source = { registry = "https://pypi.org/simple" }
dependencies = [
    { name = "pyobjc-core" },
    { name = "pyobjc-framework-cocoa" },
]
sdist = { url = "https://files.pythonhosted.org/packages/26/e8/75b6b9b3c88b37723c237e5a7600384ea2d84874548671139db02e76652b/pyobjc_framework_libdispatch-12.1.tar.gz", hash = "sha256:4035535b4fae1b5e976f3e0e38b6e3442ffea1b8aa178d0ca89faa9b8ecdea41", size = 38277, upload-time = "2025-11-14T10:16:46.235Z" }
wheels = [
    { url = "https://files.pythonhosted.org/packages/59/d8/7d60a70fc1a546c6cb482fe0595cb4bd1368d75c48d49e76d0bc6c0a2d0f/pyobjc_framework_libdispatch-12.1-cp314-cp314-macosx_10_15_universal2.whl", hash = "sha256:0ebfd9e4446ab6528126bff25cfb09e4213ddf992b3208978911cfd3152e45f5", size = 15693, upload-time = "2025-11-14T09:53:05.531Z" },
    { url = "https://files.pythonhosted.org/packages/99/32/15e08a0c4bb536303e1568e2ba5cae1ce39a2e026a03aea46173af4c7a2d/pyobjc_framework_libdispatch-12.1-cp314-cp314t-macosx_10_15_universal2.whl", hash = "sha256:23fc9915cba328216b6a736c7a48438a16213f16dfb467f69506300b95938cc7", size = 15976, upload-time = "2025-11-14T09:53:07.936Z" },
]

[[package]]
name = "pytest"
version = "9.1.0"
source = { registry = "https://pypi.org/simple" }
dependencies = [
    { name = "colorama", marker = "sys_platform == 'win32'" },
    { name = "iniconfig" },
    { name = "packaging" },
    { name = "pluggy" },
    { name = "pygments" },
]
sdist = { url = "https://files.pythonhosted.org/packages/84/0e/b5858858d74958632c49b72cb25a3976ff9f632397626715be71c89d3971/pytest-9.1.0.tar.gz", hash = "sha256:41dd9148c08072446394cefd3d79701701335a9f4cae69ba92e39f6c7f5c061c", size = 1634181, upload-time = "2026-06-13T18:52:45.983Z" }
wheels = [
    { url = "https://files.pythonhosted.org/packages/8b/5a/ba30a81239b909821b3153e303e7def45178bf353da4f72380e6c5e8793b/pytest-9.1.0-py3-none-any.whl", hash = "sha256:8ebb0e7888bdf2bdfc602ec51f8f62d50200af37356c74e503c79a94f5c81f32", size = 386453, upload-time = "2026-06-13T18:52:44.045Z" },
]

[[package]]
name = "renogy-ble"
version = "2.3.1"
source = { editable = "." }
dependencies = [
    { name = "bleak" },
    { name = "bleak-retry-connector" },
]

[package.dev-dependencies]
dev = [
    { name = "pytest" },
    { name = "ruff" },
    { name = "ty" },
]

[package.metadata]
requires-dist = [
    { name = "bleak", specifier = ">=2.1.1" },
    { name = "bleak-retry-connector", specifier = ">=4.4.3" },
]

[package.metadata.requires-dev]
dev = [
    { name = "pytest", specifier = ">=8.4.1" },
    { name = "ruff", specifier = ">=0.12.3" },
    { name = "ty", specifier = ">=0.0.8" },
]

[[package]]
name = "ruff"
version = "0.15.17"
source = { registry = "https://pypi.org/simple" }
sdist = { url = "https://files.pythonhosted.org/packages/8c/a9/3abdf488f1bf3d24c699415e454ed554a6350d5d89ce183be1ee0a3361ac/ruff-0.15.17.tar.gz", hash = "sha256:2ec446937fd16c8c4de2674a209cc5af64d9c6f17d21fbf1151054fa0bcf5219", size = 4743346, upload-time = "2026-06-11T17:54:47.663Z" }
wheels = [
    { url = "https://files.pythonhosted.org/packages/db/4d/e11259f5da07cb6afb2d074c31bf09da9671993f7329d4f15d2fdc458301/ruff-0.15.17-py3-none-linux_armv6l.whl", hash = "sha256:d9feddb927fc68bd295f5eebc587a7e42cfaf9b65f60ca4a2386febff575da8f", size = 10856677, upload-time = "2026-06-11T17:54:49.533Z" },
    { url = "https://files.pythonhosted.org/packages/29/3e/772d679e1a0dc058e58875bd2c0cb713a0530877b4a76fee3c7966df0d49/ruff-0.15.17-py3-none-macosx_10_12_x86_64.whl", hash = "sha256:25805a226d741c47d274a35ad5c10a7dde175fcddfa511d7cf3da0a21eb3eab7", size = 11223443, upload-time = "2026-06-11T17:55:00.573Z" },
    { url = "https://files.pythonhosted.org/packages/68/58/bd41f7688b2fd5623012605130ed70e60aa7f2244baa3d5066bdd61530c8/ruff-0.15.17-py3-none-macosx_11_0_arm64.whl", hash = "sha256:f6ad73b14c2d18a3bf8ad7cb6974294d7f613a7898604826058e6ac64918ef4d", size = 10566458, upload-time = "2026-06-11T17:55:07.52Z" },
    { url = "https://files.pythonhosted.org/packages/d8/5b/733371013fcf1ec339e477ece6ab42bfe10bdd9bba8ee88a9516aa56bfc0/ruff-0.15.17-py3-none-manylinux_2_17_aarch64.manylinux2014_aarch64.whl", hash = "sha256:6ba0c1e4f95bcb3869d0d30cbd5917071ef2e28665abfec970cdab0492c713ed", size = 10914483, upload-time = "2026-06-11T17:55:05.501Z" },
    { url = "https://files.pythonhosted.org/packages/bd/cc/6f24251cc0252f7239391ccb85833f320efad14ebe5b443943f37ced6332/ruff-0.15.17-py3-none-manylinux_2_17_armv7l.manylinux2014_armv7l.whl", hash = "sha256:81647960f10bff57d2e51cadd0c3950fe598400c852863a038720ef5b8cca91e", size = 10647497, upload-time = "2026-06-11T17:54:57.733Z" },
    { url = "https://files.pythonhosted.org/packages/68/dd/0d10c17ce1a1624d6fc3156309c3f834fdb5dfaad026ec90c85684f3990e/ruff-0.15.17-py3-none-manylinux_2_17_i686.manylinux2014_i686.whl", hash = "sha256:0e01a84ddbc8c16c23055ba3924476850f1bbc1917cebbb9376665a63e74260d", size = 11416967, upload-time = "2026-06-11T17:54:51.461Z" },
    { url = "https://files.pythonhosted.org/packages/2f/91/556bfb156f6144f355e831c23db00b2fc4120f86b3ce81cc5f7fd2df51f3/ruff-0.15.17-py3-none-manylinux_2_17_ppc64le.manylinux2014_ppc64le.whl", hash = "sha256:84fe9f653152f8f294f9f7e03bf3a453d8b4a27f7a59c78c8666167f2b17b96c", size = 12335770, upload-time = "2026-06-11T17:54:45.793Z" },
    { url = "https://files.pythonhosted.org/packages/88/82/8b5999aa13355e926f06d9f42a32dcca862f623bf0363785ff89d607dffd/ruff-0.15.17-py3-none-manylinux_2_17_s390x.manylinux2014_s390x.whl", hash = "sha256:8c0fe88a7676e7a05b73174d4d4a59cb2ac21ff8263583f87a81a6018475a978", size = 11575441, upload-time = "2026-06-11T17:54:32.661Z" },
    { url = "https://files.pythonhosted.org/packages/11/93/f10377bb04109ca0e8cbc483ff1982c54b6d418210041776f93e8cdc7fa9/ruff-0.15.17-py3-none-manylinux_2_17_x86_64.manylinux2014_x86_64.whl", hash = "sha256:ecfc3c7878fff94633ab0348524e093f9ce3243080416dd7d14f8ba400174719", size = 11557614, upload-time = "2026-06-11T17:54:34.698Z" },
    { url = "https://files.pythonhosted.org/packages/c7/a6/eeeae7f7d5493df41649ab3db92f086b2d0a30199e4efdf8e3dd7a033f24/ruff-0.15.17-py3-none-manylinux_2_31_riscv64.whl", hash = "sha256:b8461180b22420b1bdc289909410930761629fddf2a5aaf60fae1ab26cedc4c4", size = 11544450, upload-time = "2026-06-11T17:54:39.042Z" },
    { url = "https://files.pythonhosted.org/packages/32/88/5991ce565129a24dd4a00db1254b3b5db2e53018cbe4018ea5a89738e727/ruff-0.15.17-py3-none-musllinux_1_2_aarch64.whl", hash = "sha256:6eccbe50a038b503e7140b441aa9c7fc8c1f36edf23ebef9f4165c2f28f568b7", size = 10892524, upload-time = "2026-06-11T17:55:09.432Z" },
    { url = "https://files.pythonhosted.org/packages/f5/1d/0fdd248313425f55223968af04b0a42125466a8d88d21c1d99c6af0a51e8/ruff-0.15.17-py3-none-musllinux_1_2_armv7l.whl", hash = "sha256:382fc0521025f5a8ad447d8bdd523545d0d7646adb718eb1c2dac5065ec27c0f", size = 10659573, upload-time = "2026-06-11T17:54:36.824Z" },
    { url = "https://files.pythonhosted.org/packages/9e/0e/072e8260deb9461062ce9311ced27a8e541229a6ffd483013dd37661e43e/ruff-0.15.17-py3-none-musllinux_1_2_i686.whl", hash = "sha256:456d41fcd1b2777ad63f09a6e7121d43f7b688bbc76a800c10f7f8fb1f912c3f", size = 11127818, upload-time = "2026-06-11T17:55:03.124Z" },
    { url = "https://files.pythonhosted.org/packages/ab/b4/55060a34163121498014696b5f656db5b8c6963768f227dbf0d76b311073/ruff-0.15.17-py3-none-musllinux_1_2_x86_64.whl", hash = "sha256:b1a04bcc94ae6194e9db05d16ad31f298a7194bfbcb08258bbe589cee1d587b8", size = 11655901, upload-time = "2026-06-11T17:54:53.562Z" },
    { url = "https://files.pythonhosted.org/packages/49/71/9b29d6b87cef468d697f43c6a91e3fae4a80185779d7d5a4ef27d173439f/ruff-0.15.17-py3-none-win32.whl", hash = "sha256:596065960ab1ff593f744220c9fe6580eda00a95003cffa9f4048bb5b1bf0392", size = 10925574, upload-time = "2026-06-11T17:54:55.723Z" },
    { url = "https://files.pythonhosted.org/packages/3d/b2/8fc77f3723228836fa5d12497eb71c808f83782e10d058d2b15cfa14640b/ruff-0.15.17-py3-none-win_amd64.whl", hash = "sha256:6769e5fa1710b179b92e0bfa5a51735b35baea9013dadb06d5f44cbcf9547084", size = 12058788, upload-time = "2026-06-11T17:54:41.042Z" },
    { url = "https://files.pythonhosted.org/packages/2d/c7/c53e8dbff9c9dc4b7928773421ae294a5d28fcb8dcda1a089579d3a7e510/ruff-0.15.17-py3-none-win_arm64.whl", hash = "sha256:f3be1fbb34bcdfd146240d8fb92a709d4c2c8191348580a3c044ec60fa0b4456", size = 11355275, upload-time = "2026-06-11T17:54:43.635Z" },
]

[[package]]
name = "ty"
version = "0.0.49"
source = { registry = "https://pypi.org/simple" }
sdist = { url = "https://files.pythonhosted.org/packages/1d/8d/37cb91808069509d43a2a11743e12f1e854fd808dbef2203309d256718cd/ty-0.0.49.tar.gz", hash = "sha256:0a027bd0c9c75d035641a365d087ad883446057f9be0b9826251c2aecafbf145", size = 5884753, upload-time = "2026-06-12T03:08:20.221Z" }
wheels = [
    { url = "https://files.pythonhosted.org/packages/ca/de/9237c6a96356612dd0393db1e94cf21f903616adf3a3701bf3da6e4adc92/ty-0.0.49-py3-none-linux_armv6l.whl", hash = "sha256:12c0c4310b936d762a8586c210b53d4fa4bb361a04429afa89bf84b922e5e065", size = 11834671, upload-time = "2026-06-12T03:07:53.062Z" },
    { url = "https://files.pythonhosted.org/packages/8f/15/daf5a14a5e07012277d450c75325c94614e2acfec4c620c881486118c410/ty-0.0.49-py3-none-macosx_10_12_x86_64.whl", hash = "sha256:737bfdc2caf9712a8580944dcdc80a450a37a4f2bc83c8fa9b7433b374f9e471", size = 11589570, upload-time = "2026-06-12T03:08:25.779Z" },
    { url = "https://files.pythonhosted.org/packages/7d/58/30bdf98436488aca25f0763bf7f92a061528d42461b686453029e845e4c5/ty-0.0.49-py3-none-macosx_11_0_arm64.whl", hash = "sha256:ab90c1baf3b1701d282fce4b02fa552a962d109f8972c46ef6b22429503bfea4", size = 10985236, upload-time = "2026-06-12T03:08:36.664Z" },
    { url = "https://files.pythonhosted.org/packages/22/45/ece503e4a1396e13a1a9a0cde51afe476a6506a1d557eeadf8ad45c83bc0/ty-0.0.49-py3-none-manylinux_2_17_aarch64.manylinux2014_aarch64.whl", hash = "sha256:b4ce8ecf6ba6fc79bd137cc0557a754f7e5f2dfe9436412551d480d680e248ad", size = 11504302, upload-time = "2026-06-12T03:08:01.664Z" },
    { url = "https://files.pythonhosted.org/packages/17/dc/5d09333d289dfbca1804eaade125c9e8a1a992a2a592a8b80c5e9b589ca9/ty-0.0.49-py3-none-manylinux_2_17_armv7l.manylinux2014_armv7l.whl", hash = "sha256:10d85c6865c984e78661e0bd20b180514b4a289739224e84816e342bdf381e04", size = 11626629, upload-time = "2026-06-12T03:08:06.844Z" },
    { url = "https://files.pythonhosted.org/packages/f2/36/155f41c9dd7237c4b609211f29f77755a139ee6218605dadc7fe21d5e3c8/ty-0.0.49-py3-none-manylinux_2_17_i686.manylinux2014_i686.whl", hash = "sha256:1d96a67a206619e01fa92f35a22267ec634bba62be24b1d0e947020cc179995b", size = 12074481, upload-time = "2026-06-12T03:08:09.643Z" },
    { url = "https://files.pythonhosted.org/packages/96/4c/998ee13cd5045f1f8b36982de7343163832ac53f27debe01b0de0e8bd968/ty-0.0.49-py3-none-manylinux_2_17_ppc64le.manylinux2014_ppc64le.whl", hash = "sha256:3de9f648564e0a66344ef397770387cb0d093735f8679d2c5a08a4741e79814d", size = 12678042, upload-time = "2026-06-12T03:08:39.319Z" },
    { url = "https://files.pythonhosted.org/packages/85/c9/9a505aba85c41ce54cbcaa14f8d79aa084b86151d2d70df11c4655b92898/ty-0.0.49-py3-none-manylinux_2_17_s390x.manylinux2014_s390x.whl", hash = "sha256:5779179ab397d15f8c9dbb8f506ec1b1745f54eac639982f76ef3ce538943b50", size = 12316194, upload-time = "2026-06-12T03:08:18.023Z" },
    { url = "https://files.pythonhosted.org/packages/c9/b8/ded37fb93503294abbc83c36470bb1413bea05048b745881d4470b518a06/ty-0.0.49-py3-none-manylinux_2_17_x86_64.manylinux2014_x86_64.whl", hash = "sha256:792d4974e93cc09bd32f934586080bbbe21b8e777099cb521cb2de18b68a49f0", size = 12145507, upload-time = "2026-06-12T03:07:56.505Z" },
    { url = "https://files.pythonhosted.org/packages/2f/07/392e80d78f02445f695b815bb9eb0fffacda68b03faee38c900f7b990815/ty-0.0.49-py3-none-manylinux_2_31_riscv64.whl", hash = "sha256:727bda86deb136073e525c2e78d60e38aedcce5d80579170844a52bbf7c1440d", size = 12365967, upload-time = "2026-06-12T03:08:12.553Z" },
    { url = "https://files.pythonhosted.org/packages/50/d3/31b0c2a7fbedd3373e389cb1d81b8d2128f6f868fafb46557736a6f9aca8/ty-0.0.49-py3-none-musllinux_1_2_aarch64.whl", hash = "sha256:4f2fc2bc4a8d2ff1cca59fd94772cabdfec4062d47a0b3a0784be46d94d0540b", size = 11475283, upload-time = "2026-06-12T03:08:28.334Z" },
    { url = "https://files.pythonhosted.org/packages/5a/5b/329e101638920b468a3bb63059c9f66ef99b44aac501222c44832a507321/ty-0.0.49-py3-none-musllinux_1_2_armv7l.whl", hash = "sha256:3724bd9badef333321578b6a941fbc571ebf49141ec2356a8590fbe4c9aa588d", size = 11645343, upload-time = "2026-06-12T03:08:15.246Z" },
    { url = "https://files.pythonhosted.org/packages/a9/76/c897e615e32f80ca81c8c1bc49b9a1f72ff9e3cfea0f8345ba505fe28472/ty-0.0.49-py3-none-musllinux_1_2_i686.whl", hash = "sha256:166c6eb52ee4af3c5a9bb267d165d93000daa55c6758cd8ff3199741fb75917d", size = 11725585, upload-time = "2026-06-12T03:08:33.915Z" },
    { url = "https://files.pythonhosted.org/packages/59/e1/fdb42ee239f618800842681af5bb8598117e74512c10974a8b7b9086a898/ty-0.0.49-py3-none-musllinux_1_2_x86_64.whl", hash = "sha256:91e81d832c287b05782ee32eb1b801f62c1fa08df37d589d2b88c3f1d51c9731", size = 12237261, upload-time = "2026-06-12T03:08:31.105Z" },
    { url = "https://files.pythonhosted.org/packages/98/0f/a2d6a5fc9d0786cbeb3c200786da4e18c203589be3984bb5def83ca92320/ty-0.0.49-py3-none-win32.whl", hash = "sha256:7186af5ca9829d1f5d8916bcf767b8e819bfbf61b1b8ec843bb3fc699cb502e1", size = 11100789, upload-time = "2026-06-12T03:07:59.092Z" },
    { url = "https://files.pythonhosted.org/packages/d0/9d/473ac8bc57b5a2d121da893bf9dd74a118efb19a01d711df1a6e397f05cc/ty-0.0.49-py3-none-win_amd64.whl", hash = "sha256:ae2142fc126a01effcca0c222908b0e6654b5ba1266d4e4d406e4866aef8e1d1", size = 12204644, upload-time = "2026-06-12T03:08:04.327Z" },
    { url = "https://files.pythonhosted.org/packages/ef/a2/8959249da951ba3977fee20e688d28678b8a1d30a9ed4464228a85d45853/ty-0.0.49-py3-none-win_arm64.whl", hash = "sha256:75d5e2e7649765f31f4bed6c8adb149a75b18edd3fa6336dac4d0efc1a66466f", size = 11558965, upload-time = "2026-06-12T03:08:23.012Z" },
]

[[package]]
name = "typing-extensions"
version = "4.15.0"
source = { registry = "https://pypi.org/simple" }
sdist = { url = "https://files.pythonhosted.org/packages/72/94/1a15dd82efb362ac84269196e94cf00f187f7ed21c242792a923cdb1c61f/typing_extensions-4.15.0.tar.gz", hash = "sha256:0cea48d173cc12fa28ecabc3b837ea3cf6f38c6d1136f85cbaaf598984861466", size = 109391, upload-time = "2025-08-25T13:49:26.313Z" }
wheels = [
    { url = "https://files.pythonhosted.org/packages/18/67/36e9267722cc04a6b9f15c7f3441c2363321a3ea07da7ae0c0707beb2a9c/typing_extensions-4.15.0-py3-none-any.whl", hash = "sha256:f0fa19c6845758ab08074a0cfa8b7aecb71c999ca73d62883bc25cc018c4e548", size = 44614, upload-time = "2025-08-25T13:49:24.86Z" },
]

[[package]]
name = "uart-devices"
version = "0.1.1"
source = { registry = "https://pypi.org/simple" }
sdist = { url = "https://files.pythonhosted.org/packages/dd/08/a8fd6b3dd2cb92344fb4239d4e81ee121767430d7ce71f3f41282f7334e0/uart_devices-0.1.1.tar.gz", hash = "sha256:3a52c4ae0f5f7400ebe1ae5f6e2a2d40cc0b7f18a50e895236535c4e53c6ed34", size = 5167, upload-time = "2025-02-22T16:47:05.609Z" }
wheels = [
    { url = "https://files.pythonhosted.org/packages/12/64/edf33c2d7fba7d6bf057c9dc4235bfc699517ea4c996240a1a9c2bf51c29/uart_devices-0.1.1-py3-none-any.whl", hash = "sha256:55bc8cce66465e90b298f0910e5c496bc7be021341c5455954cf61c6253dc123", size = 4827, upload-time = "2025-02-22T16:47:04.286Z" },
]

[[package]]
name = "usb-devices"
version = "0.4.5"
source = { registry = "https://pypi.org/simple" }
sdist = { url = "https://files.pythonhosted.org/packages/25/48/dbe6c4c559950ebebd413e8c40a8a60bfd47ddd79cb61b598a5987e03aad/usb_devices-0.4.5.tar.gz", hash = "sha256:9b5c7606df2bc791c6c45b7f76244a0cbed83cb6fa4c68791a143c03345e195d", size = 5421, upload-time = "2023-12-16T19:59:53.295Z" }
wheels = [
    { url = "https://files.pythonhosted.org/packages/e1/c9/26171ae5b78d72dd006bbc51ca9baa2cbb889ae8e91608910207482108fd/usb_devices-0.4.5-py3-none-any.whl", hash = "sha256:8a415219ef1395e25aa0bddcad484c88edf9673acdeae8a07223ca7222a01dcf", size = 5349, upload-time = "2023-12-16T19:59:51.604Z" },
]

[[package]]
name = "winrt-runtime"
version = "3.2.1"
source = { registry = "https://pypi.org/simple" }
dependencies = [
    { name = "typing-extensions" },
]
sdist = { url = "https://files.pythonhosted.org/packages/16/dd/acdd527c1d890c8f852cc2af644aa6c160974e66631289420aa871b05e65/winrt_runtime-3.2.1.tar.gz", hash = "sha256:c8dca19e12b234ae6c3dadf1a4d0761b51e708457492c13beb666556958801ea", size = 21721, upload-time = "2025-06-06T14:40:27.593Z" }
wheels = [
    { url = "https://files.pythonhosted.org/packages/c8/87/88bd98419a9da77a68e030593fee41702925a7ad8a8aec366945258cbb31/winrt_runtime-3.2.1-cp314-cp314-win32.whl", hash = "sha256:9b6298375468ac2f6815d0c008a059fc16508c8f587e824c7936ed9216480dad", size = 210257, upload-time = "2025-09-20T07:06:41.054Z" },
    { url = "https://files.pythonhosted.org/packages/87/85/e5c2a10d287edd9d3ee8dc24bf7d7f335636b92bf47119768b7dd2fd1669/winrt_runtime-3.2.1-cp314-cp314-win_amd64.whl", hash = "sha256:e36e587ab5fd681ee472cd9a5995743f75107a1a84d749c64f7e490bc86bc814", size = 241873, upload-time = "2025-09-20T07:06:42.059Z" },
    { url = "https://files.pythonhosted.org/packages/52/2a/eb9e78397132175f70dd51dfa4f93e489c17d6b313ae9dce60369b8d84a7/winrt_runtime-3.2.1-cp314-cp314-win_arm64.whl", hash = "sha256:35d6241a2ebd5598e4788e69768b8890ee1eee401a819865767a1fbdd3e9a650", size = 416222, upload-time = "2025-09-20T07:06:43.376Z" },
]

[[package]]
name = "winrt-windows-devices-bluetooth"
version = "3.2.1"
source = { registry = "https://pypi.org/simple" }
dependencies = [
    { name = "winrt-runtime" },
]
sdist = { url = "https://files.pythonhosted.org/packages/b2/a0/1c8a0c469abba7112265c6cb52f0090d08a67c103639aee71fc690e614b8/winrt_windows_devices_bluetooth-3.2.1.tar.gz", hash = "sha256:db496d2d92742006d5a052468fc355bf7bb49e795341d695c374746113d74505", size = 23732, upload-time = "2025-06-06T14:41:20.489Z" }
wheels = [
    { url = "https://files.pythonhosted.org/packages/b7/95/91cfdf941a1ba791708ab3477fc4e46793c8fe9117fc3e0a8c5ac5d7a09c/winrt_windows_devices_bluetooth-3.2.1-cp314-cp314-win32.whl", hash = "sha256:de36ded53ca3ba12fc6dd4deb14b779acc391447726543815df4800348aad63a", size = 109015, upload-time = "2025-09-20T07:09:51.067Z" },
    { url = "https://files.pythonhosted.org/packages/61/fa/7460655628d0f340a93524f5236bb9f8514eb0e1d334b38cba8a89f6c1a6/winrt_windows_devices_bluetooth-3.2.1-cp314-cp314-win_amd64.whl", hash = "sha256:3295d932cc93259d5ccb23a41e3a3af4c78ce5d6a6223b2b7638985f604fa34c", size = 115931, upload-time = "2025-09-20T07:09:51.922Z" },
    { url = "https://files.pythonhosted.org/packages/de/70/e1248dea2ab881eb76b61ff1ad6cb9c07ac005faf99349e4af0b29bc3f1b/winrt_windows_devices_bluetooth-3.2.1-cp314-cp314-win_arm64.whl", hash = "sha256:1f61c178766a1bbce0669f44790c6161ff4669404c477b4aedaa576348f9e102", size = 109561, upload-time = "2025-09-20T07:09:52.733Z" },
]

[[package]]
name = "winrt-windows-devices-bluetooth-advertisement"
version = "3.2.1"
source = { registry = "https://pypi.org/simple" }
dependencies = [
    { name = "winrt-runtime" },
]
sdist = { url = "https://files.pythonhosted.org/packages/06/fc/7ffe66ca4109b9e994b27c00f3d2d506e6e549e268791f755287ad9106d8/winrt_windows_devices_bluetooth_advertisement-3.2.1.tar.gz", hash = "sha256:0223852a7b7fa5c8dea3c6a93473bd783df4439b1ed938d9871f947933e574cc", size = 16906, upload-time = "2025-06-06T14:41:21.448Z" }
wheels = [
    { url = "https://files.pythonhosted.org/packages/27/3d/421d04a20037370baf13de929bc1dc5438b306a76fe17275ec5d893aae6c/winrt_windows_devices_bluetooth_advertisement-3.2.1-cp314-cp314-win32.whl", hash = "sha256:2985565c265b3f9eab625361b0e40e88c94b03d89f5171f36146f2e88b3ee214", size = 92264, upload-time = "2025-09-20T07:09:53.563Z" },
    { url = "https://files.pythonhosted.org/packages/07/c7/43601ab82fe42bcff430b8466d84d92b31be06cc45c7fd64e9aac40f7851/winrt_windows_devices_bluetooth_advertisement-3.2.1-cp314-cp314-win_amd64.whl", hash = "sha256:d102f3fac64fde32332e370969dfbc6f37b405d8cc055d9da30d14d07449a3c2", size = 97517, upload-time = "2025-09-20T07:09:54.411Z" },
    { url = "https://files.pythonhosted.org/packages/91/17/e3303f6a25a2d98e424b06580fc85bbfd068f383424c67fa47cb1b357a46/winrt_windows_devices_bluetooth_advertisement-3.2.1-cp314-cp314-win_arm64.whl", hash = "sha256:ffeb5e946cd42c32c6999a62e240d6730c653cdfb7b49c7839afba375e20a62a", size = 94122, upload-time = "2025-09-20T07:09:55.187Z" },
]

[[package]]
name = "winrt-windows-devices-bluetooth-genericattributeprofile"
version = "3.2.1"
source = { registry = "https://pypi.org/simple" }
dependencies = [
    { name = "winrt-runtime" },
]
sdist = { url = "https://files.pythonhosted.org/packages/44/21/aeeddc0eccdfbd25e543360b5cc093233e2eab3cdfb53ad3cabae1b5d04d/winrt_windows_devices_bluetooth_genericattributeprofile-3.2.1.tar.gz", hash = "sha256:cdf6ddc375e9150d040aca67f5a17c41ceaf13a63f3668f96608bc1d045dde71", size = 38896, upload-time = "2025-06-06T14:41:22.687Z" }
wheels = [
    { url = "https://files.pythonhosted.org/packages/b7/32/cb447ca7730a1e05730272309b074da6a04af29a8c0f5121014db8a2fc02/winrt_windows_devices_bluetooth_genericattributeprofile-3.2.1-cp314-cp314-win32.whl", hash = "sha256:d5f83739ca370f0baf52b0400aebd6240ab80150081fbfba60fd6e7b2e7b4c5f", size = 185249, upload-time = "2025-09-20T07:09:58.639Z" },
    { url = "https://files.pythonhosted.org/packages/bb/fa/f465d5d44dda166bf7ec64b7a950f57eca61f165bfe18345e9a5ea542def/winrt_windows_devices_bluetooth_genericattributeprofile-3.2.1-cp314-cp314-win_amd64.whl", hash = "sha256:13786a5853a933de140d456cd818696e1121c7c296ae7b7af262fc5d2cffb851", size = 193739, upload-time = "2025-09-20T07:09:59.893Z" },
    { url = "https://files.pythonhosted.org/packages/78/08/51c53ac3c704cd92da5ed7e7b9b57159052f6e46744e4f7e447ed708aa22/winrt_windows_devices_bluetooth_genericattributeprofile-3.2.1-cp314-cp314-win_arm64.whl", hash = "sha256:5140682da2860f6a55eb6faf9e980724dc457c2e4b4b35a10e1cebd8fc97d892", size = 194836, upload-time = "2025-09-20T07:10:00.87Z" },
]

[[package]]
name = "winrt-windows-devices-enumeration"
version = "3.2.1"
source = { registry = "https://pypi.org/simple" }
dependencies = [
    { name = "winrt-runtime" },
]
sdist = { url = "https://files.pythonhosted.org/packages/9e/dd/75835bfbd063dffa152109727dedbd80f6e92ea284855f7855d48cdf31c9/winrt_windows_devices_enumeration-3.2.1.tar.gz", hash = "sha256:df316899e39bfc0ffc1f3cb0f5ee54d04e1d167fbbcc1484d2d5121449a935cf", size = 23538, upload-time = "2025-06-06T14:41:26.787Z" }
wheels = [
    { url = "https://files.pythonhosted.org/packages/41/31/5785cd1ec54dc0f0e6f3e6a466d07a62b8014a6e2b782e80444ef87e83ab/winrt_windows_devices_enumeration-3.2.1-cp314-cp314-win32.whl", hash = "sha256:e087364273ed7c717cd0191fed4be9def6fdf229fe9b536a4b8d0228f7814106", size = 134252, upload-time = "2025-09-20T07:10:12.935Z" },
    { url = "https://files.pythonhosted.org/packages/cb/f6/68d91068048410f49794c0b19c45759c63ca559607068cfe5affba2f211b/winrt_windows_devices_enumeration-3.2.1-cp314-cp314-win_amd64.whl", hash = "sha256:0da1ddb8285d97a6775c36265d7157acf1bbcb88bcc9a7ce9a4549906c822472", size = 145509, upload-time = "2025-09-20T07:10:13.797Z" },
    { url = "https://files.pythonhosted.org/packages/5c/a4/898951d5bfc474aa9c7d133fe30870f0f2184f4ba3027eafb779d30eb7bc/winrt_windows_devices_enumeration-3.2.1-cp314-cp314-win_arm64.whl", hash = "sha256:09bf07e74e897e97a49a9275d0a647819254ddb74142806bbbcf4777ed240a22", size = 141334, upload-time = "2025-09-20T07:10:14.637Z" },
]

[[package]]
name = "winrt-windows-devices-radios"
version = "3.2.1"
source = { registry = "https://pypi.org/simple" }
dependencies = [
    { name = "winrt-runtime" },
]
sdist = { url = "https://files.pythonhosted.org/packages/5e/02/9704ea359ad8b0d6faa1011f98fb477e8fb6eac5201f39d19e73c2407e7b/winrt_windows_devices_radios-3.2.1.tar.gz", hash = "sha256:4dc9b9d1501846049eb79428d64ec698d6476c27a357999b78a8331072e18a0b", size = 5908, upload-time = "2025-06-06T14:41:44.868Z" }
wheels = [
    { url = "https://files.pythonhosted.org/packages/76/79/4627afae6b389ddd1e5f1d691663c6b14d6c8f98959082aed1217cc57ef9/winrt_windows_devices_radios-3.2.1-cp314-cp314-win32.whl", hash = "sha256:21452e1cae50e44cd1d5e78159e1b9986ac3389b66458ad89caa196ce5eca2d6", size = 39521, upload-time = "2025-09-20T07:11:17.992Z" },
    { url = "https://files.pythonhosted.org/packages/a7/7c/c6aea91908ee7279ed51d12157bc8aeecb8850af2441073c3c91b261ad31/winrt_windows_devices_radios-3.2.1-cp314-cp314-win_amd64.whl", hash = "sha256:6a8413e586fe597c6849607885cca7e0549da33ae5699165d11f7911534c6eaf", size = 41121, upload-time = "2025-09-20T07:11:18.747Z" },
    { url = "https://files.pythonhosted.org/packages/86/c5/652f14e3c501452ad8e0723518d9bbd729219b47f4a4dbe2966c2f82dca8/winrt_windows_devices_radios-3.2.1-cp314-cp314-win_arm64.whl", hash = "sha256:39129fd9d09103adb003575f59881c1a5a70a43310547850150b46c6f4020312", size = 38114, upload-time = "2025-09-20T07:11:19.599Z" },
]

[[package]]
name = "winrt-windows-foundation"
version = "3.2.1"
source = { registry = "https://pypi.org/simple" }
dependencies = [
    { name = "winrt-runtime" },
]
sdist = { url = "https://files.pythonhosted.org/packages/0c/55/098ce7ea0679efcc1298b269c48768f010b6c68f90c588f654ec874c8a74/winrt_windows_foundation-3.2.1.tar.gz", hash = "sha256:ad2f1fcaa6c34672df45527d7c533731fdf65b67c4638c2b4aca949f6eec0656", size = 30485, upload-time = "2025-06-06T14:41:53.344Z" }
wheels = [
    { url = "https://files.pythonhosted.org/packages/e3/0a/d77346e39fe0c81f718cde49f83fe77c368c0e14c6418f72dfa1e7ef22d0/winrt_windows_foundation-3.2.1-cp314-cp314-win32.whl", hash = "sha256:35e973ab3c77c2a943e139302256c040e017fd6ff1a75911c102964603bba1da", size = 114590, upload-time = "2025-09-20T07:11:49.97Z" },
    { url = "https://files.pythonhosted.org/packages/a1/56/4d2b545bea0f34f68df6d4d4ca22950ff8a935497811dccdc0ca58737a05/winrt_windows_foundation-3.2.1-cp314-cp314-win_amd64.whl", hash = "sha256:a22a7ebcec0d262e60119cff728f32962a02df60471ded8b2735a655eccc0ef5", size = 122148, upload-time = "2025-09-20T07:11:50.826Z" },
    { url = "https://files.pythonhosted.org/packages/ed/ed/b9d3a11cac73444c0a3703200161cd7267dab5ab85fd00e1f965526e74a8/winrt_windows_foundation-3.2.1-cp314-cp314-win_arm64.whl", hash = "sha256:3be7fbae829b98a6a946db4fbaf356b11db1fbcbb5d4f37e7a73ac6b25de8b87", size = 114360, upload-time = "2025-09-20T07:11:51.626Z" },
]

[[package]]
name = "winrt-windows-foundation-collections"
version = "3.2.1"
source = { registry = "https://pypi.org/simple" }
dependencies = [
    { name = "winrt-runtime" },
]
sdist = { url = "https://files.pythonhosted.org/packages/ef/62/d21e3f1eeb8d47077887bbf0c3882c49277a84d8f98f7c12bda64d498a07/winrt_windows_foundation_collections-3.2.1.tar.gz", hash = "sha256:0eff1ad0d8d763ad17e9e7bbd0c26a62b27215016393c05b09b046d6503ae6d5", size = 16043, upload-time = "2025-06-06T14:41:53.983Z" }
wheels = [
    { url = "https://files.pythonhosted.org/packages/e1/47/b3301d964422d4611c181348149a7c5956a2a76e6339de451a000d4ae8e7/winrt_windows_foundation_collections-3.2.1-cp314-cp314-win32.whl", hash = "sha256:33188ed2d63e844c8adfbb82d1d3d461d64aaf78d225ce9c5930421b413c45ab", size = 62211, upload-time = "2025-09-20T07:11:52.411Z" },
    { url = "https://files.pythonhosted.org/packages/20/59/5f2c940ff606297129e93ebd6030c813e6a43a786de7fc33ccb268e0b06b/winrt_windows_foundation_collections-3.2.1-cp314-cp314-win_amd64.whl", hash = "sha256:d4cfece7e9c0ead2941e55a1da82f20d2b9c8003bb7a8853bb7f999b539f80a4", size = 70399, upload-time = "2025-09-20T07:11:53.254Z" },
    { url = "https://files.pythonhosted.org/packages/f8/2d/2c8eb89062c71d4be73d618457ed68e7e2ba29a660ac26349d44fc121cbf/winrt_windows_foundation_collections-3.2.1-cp314-cp314-win_arm64.whl", hash = "sha256:3884146fea13727510458f6a14040b7632d5d90127028b9bfd503c6c655d0c01", size = 61392, upload-time = "2025-09-20T07:11:53.993Z" },
]

[[package]]
name = "winrt-windows-storage-streams"
version = "3.2.1"
source = { registry = "https://pypi.org/simple" }
dependencies = [
    { name = "winrt-runtime" },
]
sdist = { url = "https://files.pythonhosted.org/packages/00/50/f4488b07281566e3850fcae1021f0285c9653992f60a915e15567047db63/winrt_windows_storage_streams-3.2.1.tar.gz", hash = "sha256:476f522722751eb0b571bc7802d85a82a3cae8b1cce66061e6e758f525e7b80f", size = 34335, upload-time = "2025-06-06T14:43:23.905Z" }
wheels = [
    { url = "https://files.pythonhosted.org/packages/55/70/2869ea2112c565caace73c9301afd1d7afcc49bdd37fac058f0178ba95d4/winrt_windows_storage_streams-3.2.1-cp314-cp314-win32.whl", hash = "sha256:5cd0dbad86fcc860366f6515fce97177b7eaa7069da261057be4813819ba37ee", size = 131701, upload-time = "2025-09-20T07:17:16.849Z" },
    { url = "https://files.pythonhosted.org/packages/f4/3d/aae50b1d0e37b5a61055759aedd42c6c99d7c17ab8c3e568ab33c0288938/winrt_windows_storage_streams-3.2.1-cp314-cp314-win_amd64.whl", hash = "sha256:3c5bf41d725369b9986e6d64bad7079372b95c329897d684f955d7028c7f27a0", size = 135566, upload-time = "2025-09-20T07:17:17.69Z" },
    { url = "https://files.pythonhosted.org/packages/bb/c3/6d3ce7a58e6c828e0795c9db8790d0593dd7fdf296e513c999150deb98d4/winrt_windows_storage_streams-3.2.1-cp314-cp314-win_arm64.whl", hash = "sha256:293e09825559d0929bbe5de01e1e115f7a6283d8996ab55652e5af365f032987", size = 134393, upload-time = "2025-09-20T07:17:18.802Z" },
]
